
Microsoft Visual Studio Solution File, Format Version 12.00
# Visual Studio Version 17
VisualStudioVersion = 17.5.33530.505
MinimumVisualStudioVersion = 10.0.40219.1
Project("{FAE04EC0-301F-11D3-BF4B-00C04F79EFBC}") = "Товары и склад.Android", "Товары и склад\Товары и склад.Android\Товары и склад.Android.csproj", "{15F8FA64-0FF2-441B-8A5A-7CC0AC75AEC9}"
EndProject
Project("{FAE04EC0-301F-11D3-BF4B-00C04F79EFBC}") = "Товары и склад", "Товары и склад\Товары и склад\Товары и склад.csproj", "{68121604-B76C-4742-B231-71D8AD672952}"
EndProject
Global
	GlobalSection(SolutionConfigurationPlatforms) = preSolution
		Debug|Any CPU = Debug|Any CPU
		Release|Any CPU = Release|Any CPU
	EndGlobalSection
	GlobalSection(ProjectConfigurationPlatforms) = postSolution
		{15F8FA64-0FF2-441B-8A5A-7CC0AC75AEC9}.Debug|Any CPU.ActiveCfg = Debug|Any CPU
		{15F8FA64-0FF2-441B-8A5A-7CC0AC75AEC9}.Debug|Any CPU.Build.0 = Debug|Any CPU
		{15F8FA64-0FF2-441B-8A5A-7CC0AC75AEC9}.Debug|Any CPU.Deploy.0 = Debug|Any CPU
		{15F8FA64-0FF2-441B-8A5A-7CC0AC75AEC9}.Release|Any CPU.ActiveCfg = Release|Any CPU
		{15F8FA64-0FF2-441B-8A5A-7CC0AC75AEC9}.Release|Any CPU.Build.0 = Release|Any CPU
		{15F8FA64-0FF2-441B-8A5A-7CC0AC75AEC9}.Release|Any CPU.Deploy.0 = Release|Any CPU
		{68121604-B76C-4742-B231-71D8AD672952}.Debug|Any CPU.ActiveCfg = Debug|Any CPU
		{68121604-B76C-4742-B231-71D8AD672952}.Debug|Any CPU.Build.0 = Debug|Any CPU
		{68121604-B76C-4742-B231-71D8AD672952}.Debug|Any CPU.Deploy.0 = Debug|Any CPU
		{68121604-B76C-4742-B231-71D8AD672952}.Release|Any CPU.ActiveCfg = Release|Any CPU
		{68121604-B76C-4742-B231-71D8AD672952}.Release|Any CPU.Build.0 = Release|Any CPU
		{68121604-B76C-4742-B231-71D8AD672952}.Release|Any CPU.Deploy.0 = Release|Any CPU
	EndGlobalSection
	GlobalSection(SolutionProperties) = preSolution
		HideSolutionNode = FALSE
	EndGlobalSection
	GlobalSection(ExtensibilityGlobals) = postSolution
		SolutionGuid = {F37777F8-64ED-421C-A6E6-E590BE5121CF}
	EndGlobalSection
EndGlobal
